
Microsoft Visual Studio Solution File, Format Version 12.00
# Visual Studio Version 17
VisualStudioVersion = 17.2.32516.85
MinimumVisualStudioVersion = 10.0.40219.1
Project("{9A19103F-16F7-4668-BE54-9A1E7A4F7556}") = "Task1", "Task1\Task1.csproj", "{0E9A1C50-1A22-48CD-AD23-7D1A004AA053}"
EndProject
Project("{FAE04EC0-301F-11D3-BF4B-00C04F79EFBC}") = "Task2", "Task2\Task2.csproj", "{E13B20CE-4F67-4B26-9632-A62764CE2B18}"
EndProject
Global
	GlobalSection(SolutionConfigurationPlatforms) = preSolution
		Debug|Any CPU = Debug|Any CPU
		Release|Any CPU = Release|Any CPU
	EndGlobalSection
	GlobalSection(ProjectConfigurationPlatforms) = postSolution
		{0E9A1C50-1A22-48CD-AD23-7D1A004AA053}.Debug|Any CPU.ActiveCfg = Debug|Any CPU
		{0E9A1C50-1A22-48CD-AD23-7D1A004AA053}.Debug|Any CPU.Build.0 = Debug|Any CPU
		{0E9A1C50-1A22-48CD-AD23-7D1A004AA053}.Release|Any CPU.ActiveCfg = Release|Any CPU
		{0E9A1C50-1A22-48CD-AD23-7D1A004AA053}.Release|Any CPU.Build.0 = Release|Any CPU
		{E13B20CE-4F67-4B26-9632-A62764CE2B18}.Debug|Any CPU.ActiveCfg = Debug|Any CPU
		{E13B20CE-4F67-4B26-9632-A62764CE2B18}.Debug|Any CPU.Build.0 = Debug|Any CPU
		{E13B20CE-4F67-4B26-9632-A62764CE2B18}.Release|Any CPU.ActiveCfg = Release|Any CPU
		{E13B20CE-4F67-4B26-9632-A62764CE2B18}.Release|Any CPU.Build.0 = Release|Any CPU
	EndGlobalSection
	GlobalSection(SolutionProperties) = preSolution
		HideSolutionNode = FALSE
	EndGlobalSection
	GlobalSection(ExtensibilityGlobals) = postSolution
		SolutionGuid = {59D1AAE8-BF23-4744-A759-4D0E1451FD0F}
	EndGlobalSection
EndGlobal
